
Microsoft Visual Studio Solution File, Format Version 12.00
# Visual Studio Version 17
Project("{FAE04EC0-301F-11D3-BF4B-00C04F79EFBC}") = "Philter.NET", "src\Philter.NET\Philter.NET.csproj", "{A1A1A1A1-1111-1111-1111-111111111111}"
EndProject
Project("{2150E333-8FDC-42A3-9474-1A3956D46DE8}") = "tests", "tests", "{0AB3BF05-4346-4AA6-1389-037BE0695223}"
EndProject
Project("{FAE04EC0-301F-11D3-BF4B-00C04F79EFBC}") = "Philter.NET.Tests", "tests\Philter.NET.Tests\Philter.NET.Tests.csproj", "{43512A51-CA12-4AD3-8D79-9331BB452FF5}"
EndProject
Project("{2150E333-8FDC-42A3-9474-1A3956D46DE8}") = "src", "src", "{827E0CD3-B72D-47B6-A68D-7590B98EB39B}"
EndProject
Project("{FAE04EC0-301F-11D3-BF4B-00C04F79EFBC}") = "Philter.NET.Clinical", "src\Philter.NET.Clinical\Philter.NET.Clinical.csproj", "{71472D66-3342-4EA2-A8AC-A1AEE9233582}"
EndProject
Project("{FAE04EC0-301F-11D3-BF4B-00C04F79EFBC}") = "Philter.NET.PerceptronTagger", "src\Philter.NET.PerceptronTagger\Philter.NET.PerceptronTagger.csproj", "{9FA505DC-2688-4FDF-85B0-C638D0053068}"
EndProject
Global
	GlobalSection(SolutionConfigurationPlatforms) = preSolution
		Debug|Any CPU = Debug|Any CPU
		Debug|x64 = Debug|x64
		Debug|x86 = Debug|x86
		Release|Any CPU = Release|Any CPU
		Release|x64 = Release|x64
		Release|x86 = Release|x86
	EndGlobalSection
	GlobalSection(ProjectConfigurationPlatforms) = postSolution
		{A1A1A1A1-1111-1111-1111-111111111111}.Debug|Any CPU.ActiveCfg = Debug|Any CPU
		{A1A1A1A1-1111-1111-1111-111111111111}.Debug|Any CPU.Build.0 = Debug|Any CPU
		{A1A1A1A1-1111-1111-1111-111111111111}.Debug|x64.ActiveCfg = Debug|Any CPU
		{A1A1A1A1-1111-1111-1111-111111111111}.Debug|x64.Build.0 = Debug|Any CPU
		{A1A1A1A1-1111-1111-1111-111111111111}.Debug|x86.ActiveCfg = Debug|Any CPU
		{A1A1A1A1-1111-1111-1111-111111111111}.Debug|x86.Build.0 = Debug|Any CPU
		{A1A1A1A1-1111-1111-1111-111111111111}.Release|Any CPU.ActiveCfg = Release|Any CPU
		{A1A1A1A1-1111-1111-1111-111111111111}.Release|Any CPU.Build.0 = Release|Any CPU
		{A1A1A1A1-1111-1111-1111-111111111111}.Release|x64.ActiveCfg = Release|Any CPU
		{A1A1A1A1-1111-1111-1111-111111111111}.Release|x64.Build.0 = Release|Any CPU
		{A1A1A1A1-1111-1111-1111-111111111111}.Release|x86.ActiveCfg = Release|Any CPU
		{A1A1A1A1-1111-1111-1111-111111111111}.Release|x86.Build.0 = Release|Any CPU
		{43512A51-CA12-4AD3-8D79-9331BB452FF5}.Debug|Any CPU.ActiveCfg = Debug|Any CPU
		{43512A51-CA12-4AD3-8D79-9331BB452FF5}.Debug|Any CPU.Build.0 = Debug|Any CPU
		{43512A51-CA12-4AD3-8D79-9331BB452FF5}.Debug|x64.ActiveCfg = Debug|Any CPU
		{43512A51-CA12-4AD3-8D79-9331BB452FF5}.Debug|x64.Build.0 = Debug|Any CPU
		{43512A51-CA12-4AD3-8D79-9331BB452FF5}.Debug|x86.ActiveCfg = Debug|Any CPU
		{43512A51-CA12-4AD3-8D79-9331BB452FF5}.Debug|x86.Build.0 = Debug|Any CPU
		{43512A51-CA12-4AD3-8D79-9331BB452FF5}.Release|Any CPU.ActiveCfg = Release|Any CPU
		{43512A51-CA12-4AD3-8D79-9331BB452FF5}.Release|Any CPU.Build.0 = Release|Any CPU
		{43512A51-CA12-4AD3-8D79-9331BB452FF5}.Release|x64.ActiveCfg = Release|Any CPU
		{43512A51-CA12-4AD3-8D79-9331BB452FF5}.Release|x64.Build.0 = Release|Any CPU
		{43512A51-CA12-4AD3-8D79-9331BB452FF5}.Release|x86.ActiveCfg = Release|Any CPU
		{43512A51-CA12-4AD3-8D79-9331BB452FF5}.Release|x86.Build.0 = Release|Any CPU
		{71472D66-3342-4EA2-A8AC-A1AEE9233582}.Debug|Any CPU.ActiveCfg = Debug|Any CPU
		{71472D66-3342-4EA2-A8AC-A1AEE9233582}.Debug|Any CPU.Build.0 = Debug|Any CPU
		{71472D66-3342-4EA2-A8AC-A1AEE9233582}.Debug|x64.ActiveCfg = Debug|Any CPU
		{71472D66-3342-4EA2-A8AC-A1AEE9233582}.Debug|x64.Build.0 = Debug|Any CPU
		{71472D66-3342-4EA2-A8AC-A1AEE9233582}.Debug|x86.ActiveCfg = Debug|Any CPU
		{71472D66-3342-4EA2-A8AC-A1AEE9233582}.Debug|x86.Build.0 = Debug|Any CPU
		{71472D66-3342-4EA2-A8AC-A1AEE9233582}.Release|Any CPU.ActiveCfg = Release|Any CPU
		{71472D66-3342-4EA2-A8AC-A1AEE9233582}.Release|Any CPU.Build.0 = Release|Any CPU
		{71472D66-3342-4EA2-A8AC-A1AEE9233582}.Release|x64.ActiveCfg = Release|Any CPU
		{71472D66-3342-4EA2-A8AC-A1AEE9233582}.Release|x64.Build.0 = Release|Any CPU
		{71472D66-3342-4EA2-A8AC-A1AEE9233582}.Release|x86.ActiveCfg = Release|Any CPU
		{71472D66-3342-4EA2-A8AC-A1AEE9233582}.Release|x86.Build.0 = Release|Any CPU
		{9FA505DC-2688-4FDF-85B0-C638D0053068}.Debug|Any CPU.ActiveCfg = Debug|Any CPU
		{9FA505DC-2688-4FDF-85B0-C638D0053068}.Debug|Any CPU.Build.0 = Debug|Any CPU
		{9FA505DC-2688-4FDF-85B0-C638D0053068}.Debug|x64.ActiveCfg = Debug|Any CPU
		{9FA505DC-2688-4FDF-85B0-C638D0053068}.Debug|x64.Build.0 = Debug|Any CPU
		{9FA505DC-2688-4FDF-85B0-C638D0053068}.Debug|x86.ActiveCfg = Debug|Any CPU
		{9FA505DC-2688-4FDF-85B0-C638D0053068}.Debug|x86.Build.0 = Debug|Any CPU
		{9FA505DC-2688-4FDF-85B0-C638D0053068}.Release|Any CPU.ActiveCfg = Release|Any CPU
		{9FA505DC-2688-4FDF-85B0-C638D0053068}.Release|Any CPU.Build.0 = Release|Any CPU
		{9FA505DC-2688-4FDF-85B0-C638D0053068}.Release|x64.ActiveCfg = Release|Any CPU
		{9FA505DC-2688-4FDF-85B0-C638D0053068}.Release|x64.Build.0 = Release|Any CPU
		{9FA505DC-2688-4FDF-85B0-C638D0053068}.Release|x86.ActiveCfg = Release|Any CPU
		{9FA505DC-2688-4FDF-85B0-C638D0053068}.Release|x86.Build.0 = Release|Any CPU
	EndGlobalSection
	GlobalSection(SolutionProperties) = preSolution
		HideSolutionNode = FALSE
	EndGlobalSection
	GlobalSection(NestedProjects) = preSolution
		{43512A51-CA12-4AD3-8D79-9331BB452FF5} = {0AB3BF05-4346-4AA6-1389-037BE0695223}
		{71472D66-3342-4EA2-A8AC-A1AEE9233582} = {827E0CD3-B72D-47B6-A68D-7590B98EB39B}
		{9FA505DC-2688-4FDF-85B0-C638D0053068} = {827E0CD3-B72D-47B6-A68D-7590B98EB39B}
	EndGlobalSection
EndGlobal
